// !$*UTF8*$!
{
	archiveVersion = 1;
	classes = {
	};
	objectVersion = 48;
	objects = {

/* Begin PBXBuildFile section */
		007CA9A0209178580031C3D1 /* AppDelegate.m in Sources */ = {isa = PBXBuildFile; fileRef = 007CA99F209178580031C3D1 /* AppDelegate.m */; };
		007CA9A3209178580031C3D1 /* ViewController.m in Sources */ = {isa = PBXBuildFile; fileRef = 007CA9A2209178580031C3D1 /* ViewController.m */; };
		007CA9A6209178580031C3D1 /* Main.storyboard in Resources */ = {isa = PBXBuildFile; fileRef = 007CA9A4209178580031C3D1 /* Main.storyboard */; };
		007CA9A8209178580031C3D1 /* Assets.xcassets in Resources */ = {isa = PBXBuildFile; fileRef = 007CA9A7209178580031C3D1 /* Assets.xcassets */; };
		007CA9AB209178580031C3D1 /* LaunchScreen.storyboard in Resources */ = {isa = PBXBuildFile; fileRef = 007CA9A9209178580031C3D1 /* LaunchScreen.storyboard */; };
		007CA9AE209178580031C3D1 /* main.m in Sources */ = {isa = PBXBuildFile; fileRef = 007CA9AD209178580031C3D1 /* main.m */; };
		007CA9B7209179EB0031C3D1 /* NSObject+JTKVO.m in Sources */ = {isa = PBXBuildFile; fileRef = 007CA9B6209179EB0031C3D1 /* NSObject+JTKVO.m */; };
		00A829CC20A02D8300599CBC /* Person.m in Sources */ = {isa = PBXBuildFile; fileRef = 00A829CB20A02D8300599CBC /* Person.m */; };
/* End PBXBuildFile section */

/* Begin PBXFileReference section */
		007CA99B209178580031C3D1 /* JTKVO.app */ = {isa = PBXFileReference; explicitFileType = wrapper.application; includeInIndex = 0; path = JTKVO.app; sourceTree = BUILT_PRODUCTS_DIR; };
		007CA99E209178580031C3D1 /* AppDelegate.h */ = {isa = PBXFileReference; lastKnownFileType = sourcecode.c.h; path = AppDelegate.h; sourceTree = "<group>"; };
		007CA99F209178580031C3D1 /* AppDelegate.m */ = {isa = PBXFileReference; lastKnownFileType = sourcecode.c.objc; path = AppDelegate.m; sourceTree = "<group>"; };
		007CA9A1209178580031C3D1 /* ViewController.h */ = {isa = PBXFileReference; lastKnownFileType = sourcecode.c.h; path = ViewController.h; sourceTree = "<group>"; };
		007CA9A2209178580031C3D1 /* ViewController.m */ = {isa = PBXFileReference; lastKnownFileType = sourcecode.c.objc; path = ViewController.m; sourceTree = "<group>"; };
		007CA9A5209178580031C3D1 /* Base */ = {isa = PBXFileReference; lastKnownFileType = file.storyboard; name = Base; path = Base.lproj/Main.storyboard; sourceTree = "<group>"; };
		007CA9A7209178580031C3D1 /* Assets.xcassets */ = {isa = PBXFileReference; lastKnownFileType = folder.assetcatalog; path = Assets.xcassets; sourceTree = "<group>"; };
		007CA9AA209178580031C3D1 /* Base */ = {isa = PBXFileReference; lastKnownFileType = file.storyboard; name = Base; path = Base.lproj/LaunchScreen.storyboard; sourceTree = "<group>"; };
		007CA9AC209178580031C3D1 /* Info.plist */ = {isa = PBXFileReference; lastKnownFileType = text.plist.xml; path = Info.plist; sourceTree = "<group>"; };
		007CA9AD209178580031C3D1 /* main.m */ = {isa = PBXFileReference; lastKnownFileType = sourcecode.c.objc; path = main.m; sourceTree = "<group>"; };
		007CA9B5209179EB0031C3D1 /* NSObject+JTKVO.h */ = {isa = PBXFileReference; lastKnownFileType = sourcecode.c.h; path = "NSObject+JTKVO.h"; sourceTree = "<group>"; };
		007CA9B6209179EB0031C3D1 /* NSObject+JTKVO.m */ = {isa = PBXFileReference; lastKnownFileType = sourcecode.c.objc; path = "NSObject+JTKVO.m"; sourceTree = "<group>"; };
		00A829CA20A02D8300599CBC /* Person.h */ = {isa = PBXFileReference; lastKnownFileType = sourcecode.c.h; path = Person.h; sourceTree = "<group>"; };
		00A829CB20A02D8300599CBC /* Person.m */ = {isa = PBXFileReference; lastKnownFileType = sourcecode.c.objc; path = Person.m; sourceTree = "<group>"; };
/* End PBXFileReference section */

/* Begin PBXFrameworksBuildPhase section */
		007CA998209178580031C3D1 /* Frameworks */ = {
			isa = PBXFrameworksBuildPhase;
			buildActionMask = 2147483647;
			files = (
			);
			runOnlyForDeploymentPostprocessing = 0;
		};
/* End PBXFrameworksBuildPhase section */

/* Begin PBXGroup section */
		007CA992209178580031C3D1 = {
			isa = PBXGroup;
			children = (
				007CA99D209178580031C3D1 /* JTKVO */,
				007CA99C209178580031C3D1 /* Products */,
			);
			sourceTree = "<group>";
		};
		007CA99C209178580031C3D1 /* Products */ = {
			isa = PBXGroup;
			children = (
				007CA99B209178580031C3D1 /* JTKVO.app */,
			);
			name = Products;
			sourceTree = "<group>";
		};
		007CA99D209178580031C3D1 /* JTKVO */ = {
			isa = PBXGroup;
			children = (
				007CA9B4209179B50031C3D1 /* MyKVO */,
				007CA99E209178580031C3D1 /* AppDelegate.h */,
				007CA99F209178580031C3D1 /* AppDelegate.m */,
				00A829CA20A02D8300599CBC /* Person.h */,
				00A829CB20A02D8300599CBC /* Person.m */,
				007CA9A1209178580031C3D1 /* ViewController.h */,
				007CA9A2209178580031C3D1 /* ViewController.m */,
				007CA9A4209178580031C3D1 /* Main.storyboard */,
				007CA9A7209178580031C3D1 /* Assets.xcassets */,
				007CA9A9209178580031C3D1 /* LaunchScreen.storyboard */,
				007CA9AC209178580031C3D1 /* Info.plist */,
				007CA9AD209178580031C3D1 /* main.m */,
			);
			path = JTKVO;
			sourceTree = "<group>";
		};
		007CA9B4209179B50031C3D1 /* MyKVO */ = {
			isa = PBXGroup;
			children = (
				007CA9B5209179EB0031C3D1 /* NSObject+JTKVO.h */,
				007CA9B6209179EB0031C3D1 /* NSObject+JTKVO.m */,
			);
			path = MyKVO;
			sourceTree = "<group>";
		};
/* End PBXGroup section */

/* Begin PBXNativeTarget section */
		007CA99A209178580031C3D1 /* JTKVO */ = {
			isa = PBXNativeTarget;
			buildConfigurationList = 007CA9B1209178580031C3D1 /* Build configuration list for PBXNativeTarget "JTKVO" */;
			buildPhases = (
				007CA997209178580031C3D1 /* Sources */,
				007CA998209178580031C3D1 /* Frameworks */,
				007CA999209178580031C3D1 /* Resources */,
			);
			buildRules = (
			);
			dependencies = (
			);
			name = JTKVO;
			productName = JTKVO;
			productReference = 007CA99B209178580031C3D1 /* JTKVO.app */;
			productType = "com.apple.product-type.application";
		};
/* End PBXNativeTarget section */

/* Begin PBXProject section */
		007CA993209178580031C3D1 /* Project object */ = {
			isa = PBXProject;
			attributes = {
				LastUpgradeCheck = 0920;
				ORGANIZATIONNAME = JeffreyTaiT;
				TargetAttributes = {
					007CA99A209178580031C3D1 = {
						CreatedOnToolsVersion = 9.2;
						ProvisioningStyle = Automatic;
					};
				};
			};
			buildConfigurationList = 007CA996209178580031C3D1 /* Build configuration list for PBXProject "JTKVO" */;
			compatibilityVersion = "Xcode 8.0";
			developmentRegion = en;
			hasScannedForEncodings = 0;
			knownRegions = (
				en,
				Base,
			);
			mainGroup = 007CA992209178580031C3D1;
			productRefGroup = 007CA99C209178580031C3D1 /* Products */;
			projectDirPath = "";
			projectRoot = "";
			targets = (
				007CA99A209178580031C3D1 /* JTKVO */,
			);
		};
/* End PBXProject section */

/* Begin PBXResourcesBuildPhase section */
		007CA999209178580031C3D1 /* Resources */ = {
			isa = PBXResourcesBuildPhase;
			buildActionMask = 2147483647;
			files = (
				007CA9AB209178580031C3D1 /* LaunchScreen.storyboard in Resources */,
				007CA9A8209178580031C3D1 /* Assets.xcassets in Resources */,
				007CA9A6209178580031C3D1 /* Main.storyboard in Resources */,
			);
			runOnlyForDeploymentPostprocessing = 0;
		};
/* End PBXResourcesBuildPhase section */

/* Begin PBXSourcesBuildPhase section */
		007CA997209178580031C3D1 /* Sources */ = {
			isa = PBXSourcesBuildPhase;
			buildActionMask = 2147483647;
			files = (
				007CA9B7209179EB0031C3D1 /* NSObject+JTKVO.m in Sources */,
				007CA9A3209178580031C3D1 /* ViewController.m in Sources */,
				00A829CC20A02D8300599CBC /* Person.m in Sources */,
				007CA9AE209178580031C3D1 /* main.m in Sources */,
				007CA9A0209178580031C3D1 /* AppDelegate.m in Sources */,
			);
			runOnlyForDeploymentPostprocessing = 0;
		};
/* End PBXSourcesBuildPhase section */

/* Begin PBXVariantGroup section */
		007CA9A4209178580031C3D1 /* Main.storyboard */ = {
			isa = PBXVariantGroup;
			children = (
				007CA9A5209178580031C3D1 /* Base */,
			);
			name = Main.storyboard;
			sourceTree = "<group>";
		};
		007CA9A9209178580031C3D1 /* LaunchScreen.storyboard */ = {
			isa = PBXVariantGroup;
			children = (
				007CA9AA209178580031C3D1 /* Base */,
			);
			name = LaunchScreen.storyboard;
			sourceTree = "<group>";
		};
/* End PBXVariantGroup section */

/* Begin XCBuildConfiguration section */
		007CA9AF209178580031C3D1 /* Debug */ = {
			isa = XCBuildConfiguration;
			buildSettings = {
				ALWAYS_SEARCH_USER_PATHS = NO;
				CLANG_ANALYZER_NONNULL = YES;
				CLANG_ANALYZER_NUMBER_OBJECT_CONVERSION = YES_AGGRESSIVE;
				CLANG_CXX_LANGUAGE_STANDARD = "gnu++14";
				CLANG_CXX_LIBRARY = "libc++";
				CLANG_ENABLE_MODULES = YES;
				CLANG_ENABLE_OBJC_ARC = YES;
				CLANG_WARN_BLOCK_CAPTURE_AUTORELEASING = YES;
				CLANG_WARN_BOOL_CONVERSION = YES;
				CLANG_WARN_COMMA = YES;
				CLANG_WARN_CONSTANT_CONVERSION = YES;
				CLANG_WARN_DIRECT_OBJC_ISA_USAGE = YES_ERROR;
				CLANG_WARN_DOCUMENTATION_COMMENTS = YES;
				CLANG_WARN_EMPTY_BODY = YES;
				CLANG_WARN_ENUM_CONVERSION = YES;
				CLANG_WARN_INFINITE_RECURSION = YES;
				CLANG_WARN_INT_CONVERSION = YES;
				CLANG_WARN_NON_LITERAL_NULL_CONVERSION = YES;
				CLANG_WARN_OBJC_LITERAL_CONVERSION = YES;
				CLANG_WARN_OBJC_ROOT_CLASS = YES_ERROR;
				CLANG_WARN_RANGE_LOOP_ANALYSIS = YES;
				CLANG_WARN_STRICT_PROTOTYPES = YES;
				CLANG_WARN_SUSPICIOUS_MOVE = YES;
				CLANG_WARN_UNGUARDED_AVAILABILITY = YES_AGGRESSIVE;
				CLANG_WARN_UNREACHABLE_CODE = YES;
				CLANG_WARN__DUPLICATE_METHOD_MATCH = YES;
				CODE_SIGN_IDENTITY = "iPhone Developer";
				COPY_PHASE_STRIP = NO;
				DEBUG_INFORMATION_FORMAT = dwarf;
				ENABLE_STRICT_OBJC_MSGSEND = YES;
				ENABLE_TESTABILITY = YES;
				GCC_C_LANGUAGE_STANDARD = gnu11;
				GCC_DYNAMIC_NO_PIC = NO;
				GCC_NO_COMMON_BLOCKS = YES;
				GCC_OPTIMIZATION_LEVEL = 0;
				GCC_PREPROCESSOR_DEFINITIONS = (
					"DEBUG=1",
					"$(inherited)",
				);
				GCC_WARN_64_TO_32_BIT_CONVERSION = YES;
				GCC_WARN_ABOUT_RETURN_TYPE = YES_ERROR;
				GCC_WARN_UNDECLARED_SELECTOR = YES;
				GCC_WARN_UNINITIALIZED_AUTOS = YES_AGGRESSIVE;
				GCC_WARN_UNUSED_FUNCTION = YES;
				GCC_WARN_UNUSED_VARIABLE = YES;
				IPHONEOS_DEPLOYMENT_TARGET = 11.2;
				MTL_ENABLE_DEBUG_INFO = YES;
				ONLY_ACTIVE_ARCH = YES;
				SDKROOT = iphoneos;
			};
			name = Debug;
		};
		007CA9B0209178580031C3D1 /* Release */ = {
			isa = XCBuildConfiguration;
			buildSettings = {
				ALWAYS_SEARCH_USER_PATHS = NO;
				CLANG_ANALYZER_NONNULL = YES;
				CLANG_ANALYZER_NUMBER_OBJECT_CONVERSION = YES_AGGRESSIVE;
				CLANG_CXX_LANGUAGE_STANDARD = "gnu++14";
				CLANG_CXX_LIBRARY = "libc++";
				CLANG_ENABLE_MODULES = YES;
				CLANG_ENABLE_OBJC_ARC = YES;
				CLANG_WARN_BLOCK_CAPTURE_AUTORELEASING = YES;
				CLANG_WARN_BOOL_CONVERSION = YES;
				CLANG_WARN_COMMA = YES;
				CLANG_WARN_CONSTANT_CONVERSION = YES;
				CLANG_WARN_DIRECT_OBJC_ISA_USAGE = YES_ERROR;
				CLANG_WARN_DOCUMENTATION_COMMENTS = YES;
				CLANG_WARN_EMPTY_BODY = YES;
				CLANG_WARN_ENUM_CONVERSION = YES;
				CLANG_WARN_INFINITE_RECURSION = YES;
				CLANG_WARN_INT_CONVERSION = YES;
				CLANG_WARN_NON_LITERAL_NULL_CONVERSION = YES;
				CLANG_WARN_OBJC_LITERAL_CONVERSION = YES;
				CLANG_WARN_OBJC_ROOT_CLASS = YES_ERROR;
				CLANG_WARN_RANGE_LOOP_ANALYSIS = YES;
				CLANG_WARN_STRICT_PROTOTYPES = YES;
				CLANG_WARN_SUSPICIOUS_MOVE = YES;
				CLANG_WARN_UNGUARDED_AVAILABILITY = YES_AGGRESSIVE;
				CLANG_WARN_UNREACHABLE_CODE = YES;
				CLANG_WARN__DUPLICATE_METHOD_MATCH = YES;
				CODE_SIGN_IDENTITY = "iPhone Developer";
				COPY_PHASE_STRIP = NO;
				DEBUG_INFORMATION_FORMAT = "dwarf-with-dsym";
				ENABLE_NS_ASSERTIONS = NO;
				ENABLE_STRICT_OBJC_MSGSEND = YES;
				GCC_C_LANGUAGE_STANDARD = gnu11;
				GCC_NO_COMMON_BLOCKS = YES;
				GCC_WARN_64_TO_32_BIT_CONVERSION = YES;
				GCC_WARN_ABOUT_RETURN_TYPE = YES_ERROR;
				GCC_WARN_UNDECLARED_SELECTOR = YES;
				GCC_WARN_UNINITIALIZED_AUTOS = YES_AGGRESSIVE;
				GCC_WARN_UNUSED_FUNCTION = YES;
				GCC_WARN_UNUSED_VARIABLE = YES;
				IPHONEOS_DEPLOYMENT_TARGET = 11.2;
				MTL_ENABLE_DEBUG_INFO = NO;
				SDKROOT = iphoneos;
				VALIDATE_PRODUCT = YES;
			};
			name = Release;
		};
		007CA9B2209178580031C3D1 /* Debug */ = {
			isa = XCBuildConfiguration;
			buildSettings = {
				ASSETCATALOG_COMPILER_APPICON_NAME = AppIcon;
				CODE_SIGN_STYLE = Automatic;
				INFOPLIST_FILE = JTKVO/Info.plist;
				LD_RUNPATH_SEARCH_PATHS = "$(inherited) @executable_path/Frameworks";
				PRODUCT_BUNDLE_IDENTIFIER = JeffreyTaiT.cn.JTKVO;
				PRODUCT_NAME = "$(TARGET_NAME)";
				TARGETED_DEVICE_FAMILY = "1,2";
			};
			name = Debug;
		};
		007CA9B3209178580031C3D1 /* Release */ = {
			isa = XCBuildConfiguration;
			buildSettings = {
				ASSETCATALOG_COMPILER_APPICON_NAME = AppIcon;
				CODE_SIGN_STYLE = Automatic;
				INFOPLIST_FILE = JTKVO/Info.plist;
				LD_RUNPATH_SEARCH_PATHS = "$(inherited) @executable_path/Frameworks";
				PRODUCT_BUNDLE_IDENTIFIER = JeffreyTaiT.cn.JTKVO;
				PRODUCT_NAME = "$(TARGET_NAME)";
				TARGETED_DEVICE_FAMILY = "1,2";
			};
			name = Release;
		};
/* End XCBuildConfiguration section */

/* Begin XCConfigurationList section */
		007CA996209178580031C3D1 /* Build configuration list for PBXProject "JTKVO" */ = {
			isa = XCConfigurationList;
			buildConfigurations = (
				007CA9AF209178580031C3D1 /* Debug */,
				007CA9B0209178580031C3D1 /* Release */,
			);
			defaultConfigurationIsVisible = 0;
			defaultConfigurationName = Release;
		};
		007CA9B1209178580031C3D1 /* Build configuration list for PBXNativeTarget "JTKVO" */ = {
			isa = XCConfigurationList;
			buildConfigurations = (
				007CA9B2209178580031C3D1 /* Debug */,
				007CA9B3209178580031C3D1 /* Release */,
			);
			defaultConfigurationIsVisible = 0;
			defaultConfigurationName = Release;
		};
/* End XCConfigurationList section */
	};
	rootObject = 007CA993209178580031C3D1 /* Project object */;
}
